
Microsoft Visual Studio Solution File, Format Version 12.00
Project("{FAE04EC0-301F-11D3-BF4B-00C04F79EFBC}") = "Transactions", "Transactions\Transactions.csproj", "{8EF269AF-184C-45EA-AE05-76F7FC46E3C1}"
EndProject
Project("{FAE04EC0-301F-11D3-BF4B-00C04F79EFBC}") = "Domain", "Domain\Domain.csproj", "{9BD0B787-52EF-4597-8B39-B825580F3836}"
EndProject
Project("{FAE04EC0-301F-11D3-BF4B-00C04F79EFBC}") = "Api", "Api\Api.csproj", "{C54AAC93-DCCB-47D4-922C-F90FB342354C}"
EndProject
Project("{FAE04EC0-301F-11D3-BF4B-00C04F79EFBC}") = "Transactions.EsbAdapter", "Transactions.EsbAdapter\Transactions.EsbAdapter.csproj", "{EC53F12A-856B-47DD-9E40-E18B7ABCE2C0}"
EndProject
Project("{FAE04EC0-301F-11D3-BF4B-00C04F79EFBC}") = "Common", "Common\Common.csproj", "{534F2FB3-6CCD-4D85-807C-2EBCF2E7A6A2}"
EndProject
Project("{FAE04EC0-301F-11D3-BF4B-00C04F79EFBC}") = "Gateway", "Gateway\Gateway.csproj", "{C0841587-175B-4017-87E3-57FA687818F7}"
EndProject
Project("{FAE04EC0-301F-11D3-BF4B-00C04F79EFBC}") = "Aggregator", "Aggregator\Aggregator.csproj", "{433FDD1A-E7CB-47D8-98FA-25FDE2914279}"
EndProject
Global
	GlobalSection(SolutionConfigurationPlatforms) = preSolution
		Debug|Any CPU = Debug|Any CPU
		Release|Any CPU = Release|Any CPU
	EndGlobalSection
	GlobalSection(ProjectConfigurationPlatforms) = postSolution
		{8EF269AF-184C-45EA-AE05-76F7FC46E3C1}.Debug|Any CPU.ActiveCfg = Debug|Any CPU
		{8EF269AF-184C-45EA-AE05-76F7FC46E3C1}.Debug|Any CPU.Build.0 = Debug|Any CPU
		{8EF269AF-184C-45EA-AE05-76F7FC46E3C1}.Release|Any CPU.ActiveCfg = Release|Any CPU
		{8EF269AF-184C-45EA-AE05-76F7FC46E3C1}.Release|Any CPU.Build.0 = Release|Any CPU
		{9BD0B787-52EF-4597-8B39-B825580F3836}.Debug|Any CPU.ActiveCfg = Debug|Any CPU
		{9BD0B787-52EF-4597-8B39-B825580F3836}.Debug|Any CPU.Build.0 = Debug|Any CPU
		{9BD0B787-52EF-4597-8B39-B825580F3836}.Release|Any CPU.ActiveCfg = Release|Any CPU
		{9BD0B787-52EF-4597-8B39-B825580F3836}.Release|Any CPU.Build.0 = Release|Any CPU
		{C54AAC93-DCCB-47D4-922C-F90FB342354C}.Debug|Any CPU.ActiveCfg = Debug|Any CPU
		{C54AAC93-DCCB-47D4-922C-F90FB342354C}.Debug|Any CPU.Build.0 = Debug|Any CPU
		{C54AAC93-DCCB-47D4-922C-F90FB342354C}.Release|Any CPU.ActiveCfg = Release|Any CPU
		{C54AAC93-DCCB-47D4-922C-F90FB342354C}.Release|Any CPU.Build.0 = Release|Any CPU
		{EC53F12A-856B-47DD-9E40-E18B7ABCE2C0}.Debug|Any CPU.ActiveCfg = Debug|Any CPU
		{EC53F12A-856B-47DD-9E40-E18B7ABCE2C0}.Debug|Any CPU.Build.0 = Debug|Any CPU
		{EC53F12A-856B-47DD-9E40-E18B7ABCE2C0}.Release|Any CPU.ActiveCfg = Release|Any CPU
		{EC53F12A-856B-47DD-9E40-E18B7ABCE2C0}.Release|Any CPU.Build.0 = Release|Any CPU
		{534F2FB3-6CCD-4D85-807C-2EBCF2E7A6A2}.Debug|Any CPU.ActiveCfg = Debug|Any CPU
		{534F2FB3-6CCD-4D85-807C-2EBCF2E7A6A2}.Debug|Any CPU.Build.0 = Debug|Any CPU
		{534F2FB3-6CCD-4D85-807C-2EBCF2E7A6A2}.Release|Any CPU.ActiveCfg = Release|Any CPU
		{534F2FB3-6CCD-4D85-807C-2EBCF2E7A6A2}.Release|Any CPU.Build.0 = Release|Any CPU
		{C0841587-175B-4017-87E3-57FA687818F7}.Debug|Any CPU.ActiveCfg = Debug|Any CPU
		{C0841587-175B-4017-87E3-57FA687818F7}.Debug|Any CPU.Build.0 = Debug|Any CPU
		{C0841587-175B-4017-87E3-57FA687818F7}.Release|Any CPU.ActiveCfg = Release|Any CPU
		{C0841587-175B-4017-87E3-57FA687818F7}.Release|Any CPU.Build.0 = Release|Any CPU
		{433FDD1A-E7CB-47D8-98FA-25FDE2914279}.Debug|Any CPU.ActiveCfg = Debug|Any CPU
		{433FDD1A-E7CB-47D8-98FA-25FDE2914279}.Debug|Any CPU.Build.0 = Debug|Any CPU
		{433FDD1A-E7CB-47D8-98FA-25FDE2914279}.Release|Any CPU.ActiveCfg = Release|Any CPU
		{433FDD1A-E7CB-47D8-98FA-25FDE2914279}.Release|Any CPU.Build.0 = Release|Any CPU
	EndGlobalSection
EndGlobal
