
Microsoft Visual Studio Solution File, Format Version 12.00
Project("{FAE04EC0-301F-11D3-BF4B-00C04F79EFBC}") = "Transactions", "Transactions\Transactions.csproj", "{8EF269AF-184C-45EA-AE05-76F7FC46E3C1}"
EndProject
Project("{FAE04EC0-301F-11D3-BF4B-00C04F79EFBC}") = "DataAccess", "DataAccess\DataAccess.csproj", "{7C648DA2-FE52-40BB-8FF0-192AE66C6AE7}"
EndProject
Global
	GlobalSection(SolutionConfigurationPlatforms) = preSolution
		Debug|Any CPU = Debug|Any CPU
		Release|Any CPU = Release|Any CPU
	EndGlobalSection
	GlobalSection(ProjectConfigurationPlatforms) = postSolution
		{8EF269AF-184C-45EA-AE05-76F7FC46E3C1}.Debug|Any CPU.ActiveCfg = Debug|Any CPU
		{8EF269AF-184C-45EA-AE05-76F7FC46E3C1}.Debug|Any CPU.Build.0 = Debug|Any CPU
		{8EF269AF-184C-45EA-AE05-76F7FC46E3C1}.Release|Any CPU.ActiveCfg = Release|Any CPU
		{8EF269AF-184C-45EA-AE05-76F7FC46E3C1}.Release|Any CPU.Build.0 = Release|Any CPU
		{7C648DA2-FE52-40BB-8FF0-192AE66C6AE7}.Debug|Any CPU.ActiveCfg = Debug|Any CPU
		{7C648DA2-FE52-40BB-8FF0-192AE66C6AE7}.Debug|Any CPU.Build.0 = Debug|Any CPU
		{7C648DA2-FE52-40BB-8FF0-192AE66C6AE7}.Release|Any CPU.ActiveCfg = Release|Any CPU
		{7C648DA2-FE52-40BB-8FF0-192AE66C6AE7}.Release|Any CPU.Build.0 = Release|Any CPU
	EndGlobalSection
EndGlobal
